
Microsoft Visual Studio Solution File, Format Version 12.00
Project("{FAE04EC0-301F-11D3-BF4B-00C04F79EFBC}") = "WebBackend", "ApiSolut\WebBackend\WebBackend.csproj", "{39134D95-858F-4E51-95AC-B6D4AC3C38DD}"
EndProject
Project("{2150E333-8FDC-42A3-9474-1A3956D46DE8}") = "Lib", "Lib", "{4D0B54BB-BB6A-476E-AED3-DA75B540BECF}"
EndProject
Project("{FAE04EC0-301F-11D3-BF4B-00C04F79EFBC}") = "DbEntities", "ApiSolut\Lib\DbEntities\DbEntities.csproj", "{836B7D1F-6023-4710-8CEC-2EEC290146E1}"
EndProject
Project("{FAE04EC0-301F-11D3-BF4B-00C04F79EFBC}") = "Migrations", "ApiSolut\Lib\Migrations\Migrations.csproj", "{BCA2D16C-0B6F-46A1-8249-359930E8487B}"
EndProject
Project("{FAE04EC0-301F-11D3-BF4B-00C04F79EFBC}") = "Common", "ApiSolut\Lib\Common\Common.csproj", "{3C8BD531-8F89-42F9-845A-7B75B329FC20}"
EndProject
Project("{2150E333-8FDC-42A3-9474-1A3956D46DE8}") = "Utilities", "Utilities", "{017B94DB-9A3C-4BE6-9DED-B7010B650E42}"
EndProject
Project("{FAE04EC0-301F-11D3-BF4B-00C04F79EFBC}") = "CommonUtilities", "ApiSolut\Lib\Utilities\CommonUtilities\CommonUtilities.csproj", "{6F7B869C-5C22-45F0-9F18-16B9B5C3DCE4}"
EndProject
Project("{FAE04EC0-301F-11D3-BF4B-00C04F79EFBC}") = "Service", "ApiSolut\Lib\Service\Service.csproj", "{2EC36DCB-23EF-4450-B47D-D10FF451AE02}"
EndProject
Global
	GlobalSection(SolutionConfigurationPlatforms) = preSolution
		Debug|Any CPU = Debug|Any CPU
		Release|Any CPU = Release|Any CPU
	EndGlobalSection
	GlobalSection(ProjectConfigurationPlatforms) = postSolution
		{39134D95-858F-4E51-95AC-B6D4AC3C38DD}.Debug|Any CPU.ActiveCfg = Debug|Any CPU
		{39134D95-858F-4E51-95AC-B6D4AC3C38DD}.Debug|Any CPU.Build.0 = Debug|Any CPU
		{39134D95-858F-4E51-95AC-B6D4AC3C38DD}.Release|Any CPU.ActiveCfg = Release|Any CPU
		{39134D95-858F-4E51-95AC-B6D4AC3C38DD}.Release|Any CPU.Build.0 = Release|Any CPU
		{836B7D1F-6023-4710-8CEC-2EEC290146E1}.Debug|Any CPU.ActiveCfg = Debug|Any CPU
		{836B7D1F-6023-4710-8CEC-2EEC290146E1}.Debug|Any CPU.Build.0 = Debug|Any CPU
		{836B7D1F-6023-4710-8CEC-2EEC290146E1}.Release|Any CPU.ActiveCfg = Release|Any CPU
		{836B7D1F-6023-4710-8CEC-2EEC290146E1}.Release|Any CPU.Build.0 = Release|Any CPU
		{BCA2D16C-0B6F-46A1-8249-359930E8487B}.Debug|Any CPU.ActiveCfg = Debug|Any CPU
		{BCA2D16C-0B6F-46A1-8249-359930E8487B}.Debug|Any CPU.Build.0 = Debug|Any CPU
		{BCA2D16C-0B6F-46A1-8249-359930E8487B}.Release|Any CPU.ActiveCfg = Release|Any CPU
		{BCA2D16C-0B6F-46A1-8249-359930E8487B}.Release|Any CPU.Build.0 = Release|Any CPU
		{3C8BD531-8F89-42F9-845A-7B75B329FC20}.Debug|Any CPU.ActiveCfg = Debug|Any CPU
		{3C8BD531-8F89-42F9-845A-7B75B329FC20}.Debug|Any CPU.Build.0 = Debug|Any CPU
		{3C8BD531-8F89-42F9-845A-7B75B329FC20}.Release|Any CPU.ActiveCfg = Release|Any CPU
		{3C8BD531-8F89-42F9-845A-7B75B329FC20}.Release|Any CPU.Build.0 = Release|Any CPU
		{6F7B869C-5C22-45F0-9F18-16B9B5C3DCE4}.Debug|Any CPU.ActiveCfg = Debug|Any CPU
		{6F7B869C-5C22-45F0-9F18-16B9B5C3DCE4}.Debug|Any CPU.Build.0 = Debug|Any CPU
		{6F7B869C-5C22-45F0-9F18-16B9B5C3DCE4}.Release|Any CPU.ActiveCfg = Release|Any CPU
		{6F7B869C-5C22-45F0-9F18-16B9B5C3DCE4}.Release|Any CPU.Build.0 = Release|Any CPU
		{2EC36DCB-23EF-4450-B47D-D10FF451AE02}.Debug|Any CPU.ActiveCfg = Debug|Any CPU
		{2EC36DCB-23EF-4450-B47D-D10FF451AE02}.Debug|Any CPU.Build.0 = Debug|Any CPU
		{2EC36DCB-23EF-4450-B47D-D10FF451AE02}.Release|Any CPU.ActiveCfg = Release|Any CPU
		{2EC36DCB-23EF-4450-B47D-D10FF451AE02}.Release|Any CPU.Build.0 = Release|Any CPU
	EndGlobalSection
	GlobalSection(NestedProjects) = preSolution
		{836B7D1F-6023-4710-8CEC-2EEC290146E1} = {4D0B54BB-BB6A-476E-AED3-DA75B540BECF}
		{BCA2D16C-0B6F-46A1-8249-359930E8487B} = {4D0B54BB-BB6A-476E-AED3-DA75B540BECF}
		{3C8BD531-8F89-42F9-845A-7B75B329FC20} = {4D0B54BB-BB6A-476E-AED3-DA75B540BECF}
		{6F7B869C-5C22-45F0-9F18-16B9B5C3DCE4} = {017B94DB-9A3C-4BE6-9DED-B7010B650E42}
		{017B94DB-9A3C-4BE6-9DED-B7010B650E42} = {4D0B54BB-BB6A-476E-AED3-DA75B540BECF}
		{2EC36DCB-23EF-4450-B47D-D10FF451AE02} = {4D0B54BB-BB6A-476E-AED3-DA75B540BECF}
	EndGlobalSection
EndGlobal
